// !$*UTF8*$!
{
	archiveVersion = 1;
	classes = {
	};
	objectVersion = 56;
	objects = {

/* Begin PBXBuildFile section */
		3E521E652968752400B265C0 /* WorkoutsApp.swift in Sources */ = {isa = PBXBuildFile; fileRef = 3E521E642968752400B265C0 /* WorkoutsApp.swift */; };
		3E521E672968752400B265C0 /* HomeView.swift in Sources */ = {isa = PBXBuildFile; fileRef = 3E521E662968752400B265C0 /* HomeView.swift */; };
		3E521E692968752500B265C0 /* Assets.xcassets in Resources */ = {isa = PBXBuildFile; fileRef = 3E521E682968752500B265C0 /* Assets.xcassets */; };
		3E521E6C2968752500B265C0 /* Preview Assets.xcassets in Resources */ = {isa = PBXBuildFile; fileRef = 3E521E6B2968752500B265C0 /* Preview Assets.xcassets */; };
		3EAFD467296B0C0E00569395 /* CategoriesSettingsView.swift in Sources */ = {isa = PBXBuildFile; fileRef = 3EAFD466296B0C0E00569395 /* CategoriesSettingsView.swift */; };
		3EAFD46A296B172100569395 /* EditParametersViewModel.swift in Sources */ = {isa = PBXBuildFile; fileRef = 3EAFD469296B172100569395 /* EditParametersViewModel.swift */; };
		3EAFD46C296B17A200569395 /* EditParametersFieldProps.swift in Sources */ = {isa = PBXBuildFile; fileRef = 3EAFD46B296B17A200569395 /* EditParametersFieldProps.swift */; };
		3EB7E2C2296B199E00A07B48 /* PersonalDataViewModel.swift in Sources */ = {isa = PBXBuildFile; fileRef = 3EB7E2C1296B199E00A07B48 /* PersonalDataViewModel.swift */; };
		3EB7E2C9296B19F400A07B48 /* MetricSystem.swift in Sources */ = {isa = PBXBuildFile; fileRef = 3EB7E2C8296B19F400A07B48 /* MetricSystem.swift */; };
		3EB7E2CB296B1A2A00A07B48 /* Parameter.swift in Sources */ = {isa = PBXBuildFile; fileRef = 3EB7E2CA296B1A2A00A07B48 /* Parameter.swift */; };
		3EB7E2CD296B59A700A07B48 /* Colors.xcassets in Resources */ = {isa = PBXBuildFile; fileRef = 3EB7E2CC296B59A700A07B48 /* Colors.xcassets */; };
		3EB7E2CF296B5A2100A07B48 /* Colors.swift in Sources */ = {isa = PBXBuildFile; fileRef = 3EB7E2CE296B5A2100A07B48 /* Colors.swift */; };
		3EB7E2D1296B71C600A07B48 /* CategoryDetailView.swift in Sources */ = {isa = PBXBuildFile; fileRef = 3EB7E2D0296B71C600A07B48 /* CategoryDetailView.swift */; };
		3EF92C9D297582DC00233C68 /* CategoryDetailViewModel.swift in Sources */ = {isa = PBXBuildFile; fileRef = 3EF92C9C297582DC00233C68 /* CategoryDetailViewModel.swift */; };
		3EFCA501296A1375003ACDE1 /* PersonalDataView.swift in Sources */ = {isa = PBXBuildFile; fileRef = 3EFCA500296A1375003ACDE1 /* PersonalDataView.swift */; };
		3EFCA503296A1829003ACDE1 /* EditParametersView.swift in Sources */ = {isa = PBXBuildFile; fileRef = 3EFCA502296A1829003ACDE1 /* EditParametersView.swift */; };
		3EFCA505296A28FD003ACDE1 /* Category.swift in Sources */ = {isa = PBXBuildFile; fileRef = 3EFCA504296A28FD003ACDE1 /* Category.swift */; };
		3EFCA507296AD99E003ACDE1 /* NewCategoryView.swift in Sources */ = {isa = PBXBuildFile; fileRef = 3EFCA506296AD99E003ACDE1 /* NewCategoryView.swift */; };
		3EFCA509296AD9BB003ACDE1 /* Collection+Ext.swift in Sources */ = {isa = PBXBuildFile; fileRef = 3EFCA508296AD9BB003ACDE1 /* Collection+Ext.swift */; };
		3EFCA50B296AD9C8003ACDE1 /* PersonalDataService.swift in Sources */ = {isa = PBXBuildFile; fileRef = 3EFCA50A296AD9C8003ACDE1 /* PersonalDataService.swift */; };
/* End PBXBuildFile section */

/* Begin PBXFileReference section */
		3E521E612968752400B265C0 /* Workouts.app */ = {isa = PBXFileReference; explicitFileType = wrapper.application; includeInIndex = 0; path = Workouts.app; sourceTree = BUILT_PRODUCTS_DIR; };
		3E521E642968752400B265C0 /* WorkoutsApp.swift */ = {isa = PBXFileReference; lastKnownFileType = sourcecode.swift; path = WorkoutsApp.swift; sourceTree = "<group>"; };
		3E521E662968752400B265C0 /* HomeView.swift */ = {isa = PBXFileReference; lastKnownFileType = sourcecode.swift; path = HomeView.swift; sourceTree = "<group>"; };
		3E521E682968752500B265C0 /* Assets.xcassets */ = {isa = PBXFileReference; lastKnownFileType = folder.assetcatalog; path = Assets.xcassets; sourceTree = "<group>"; };
		3E521E6B2968752500B265C0 /* Preview Assets.xcassets */ = {isa = PBXFileReference; lastKnownFileType = folder.assetcatalog; path = "Preview Assets.xcassets"; sourceTree = "<group>"; };
		3EAFD466296B0C0E00569395 /* CategoriesSettingsView.swift */ = {isa = PBXFileReference; lastKnownFileType = sourcecode.swift; path = CategoriesSettingsView.swift; sourceTree = "<group>"; };
		3EAFD469296B172100569395 /* EditParametersViewModel.swift */ = {isa = PBXFileReference; lastKnownFileType = sourcecode.swift; path = EditParametersViewModel.swift; sourceTree = "<group>"; };
		3EAFD46B296B17A200569395 /* EditParametersFieldProps.swift */ = {isa = PBXFileReference; lastKnownFileType = sourcecode.swift; path = EditParametersFieldProps.swift; sourceTree = "<group>"; };
		3EB7E2C1296B199E00A07B48 /* PersonalDataViewModel.swift */ = {isa = PBXFileReference; lastKnownFileType = sourcecode.swift; path = PersonalDataViewModel.swift; sourceTree = "<group>"; };
		3EB7E2C8296B19F400A07B48 /* MetricSystem.swift */ = {isa = PBXFileReference; lastKnownFileType = sourcecode.swift; path = MetricSystem.swift; sourceTree = "<group>"; };
		3EB7E2CA296B1A2A00A07B48 /* Parameter.swift */ = {isa = PBXFileReference; lastKnownFileType = sourcecode.swift; path = Parameter.swift; sourceTree = "<group>"; };
		3EB7E2CC296B59A700A07B48 /* Colors.xcassets */ = {isa = PBXFileReference; lastKnownFileType = folder.assetcatalog; path = Colors.xcassets; sourceTree = "<group>"; };
		3EB7E2CE296B5A2100A07B48 /* Colors.swift */ = {isa = PBXFileReference; lastKnownFileType = sourcecode.swift; path = Colors.swift; sourceTree = "<group>"; };
		3EB7E2D0296B71C600A07B48 /* CategoryDetailView.swift */ = {isa = PBXFileReference; lastKnownFileType = sourcecode.swift; path = CategoryDetailView.swift; sourceTree = "<group>"; };
		3EF92C9C297582DC00233C68 /* CategoryDetailViewModel.swift */ = {isa = PBXFileReference; lastKnownFileType = sourcecode.swift; path = CategoryDetailViewModel.swift; sourceTree = "<group>"; };
		3EFCA500296A1375003ACDE1 /* PersonalDataView.swift */ = {isa = PBXFileReference; lastKnownFileType = sourcecode.swift; path = PersonalDataView.swift; sourceTree = "<group>"; };
		3EFCA502296A1829003ACDE1 /* EditParametersView.swift */ = {isa = PBXFileReference; lastKnownFileType = sourcecode.swift; path = EditParametersView.swift; sourceTree = "<group>"; };
		3EFCA504296A28FD003ACDE1 /* Category.swift */ = {isa = PBXFileReference; lastKnownFileType = sourcecode.swift; path = Category.swift; sourceTree = "<group>"; };
		3EFCA506296AD99E003ACDE1 /* NewCategoryView.swift */ = {isa = PBXFileReference; lastKnownFileType = sourcecode.swift; path = NewCategoryView.swift; sourceTree = "<group>"; };
		3EFCA508296AD9BB003ACDE1 /* Collection+Ext.swift */ = {isa = PBXFileReference; lastKnownFileType = sourcecode.swift; path = "Collection+Ext.swift"; sourceTree = "<group>"; };
		3EFCA50A296AD9C8003ACDE1 /* PersonalDataService.swift */ = {isa = PBXFileReference; lastKnownFileType = sourcecode.swift; path = PersonalDataService.swift; sourceTree = "<group>"; };
/* End PBXFileReference section */

/* Begin PBXFrameworksBuildPhase section */
		3E521E5E2968752400B265C0 /* Frameworks */ = {
			isa = PBXFrameworksBuildPhase;
			buildActionMask = 2147483647;
			files = (
			);
			runOnlyForDeploymentPostprocessing = 0;
		};
/* End PBXFrameworksBuildPhase section */

/* Begin PBXGroup section */
		3E521E582968752400B265C0 = {
			isa = PBXGroup;
			children = (
				3E521E632968752400B265C0 /* Workouts */,
				3E521E622968752400B265C0 /* Products */,
			);
			sourceTree = "<group>";
		};
		3E521E622968752400B265C0 /* Products */ = {
			isa = PBXGroup;
			children = (
				3E521E612968752400B265C0 /* Workouts.app */,
			);
			name = Products;
			sourceTree = "<group>";
		};
		3E521E632968752400B265C0 /* Workouts */ = {
			isa = PBXGroup;
			children = (
				3EFCA508296AD9BB003ACDE1 /* Collection+Ext.swift */,
				3EB7E2CE296B5A2100A07B48 /* Colors.swift */,
				3EB7E2C7296B19EA00A07B48 /* Models */,
				3EFCA50A296AD9C8003ACDE1 /* PersonalDataService.swift */,
				3E521E642968752400B265C0 /* WorkoutsApp.swift */,
				3EB7E2C4296B19C300A07B48 /* Home */,
				3EB7E2C3296B19B100A07B48 /* PersonalData */,
				3EAFD468296B16EE00569395 /* EditParameters */,
				3EB7E2C5296B19D300A07B48 /* CategoriesSettings */,
				3EB7E2C6296B19DD00A07B48 /* NewCategory */,
				3EB7E2D2296B71D100A07B48 /* CategoryDetail */,
				3E521E682968752500B265C0 /* Assets.xcassets */,
				3EB7E2CC296B59A700A07B48 /* Colors.xcassets */,
				3E521E6A2968752500B265C0 /* Preview Content */,
			);
			path = Workouts;
			sourceTree = "<group>";
		};
		3E521E6A2968752500B265C0 /* Preview Content */ = {
			isa = PBXGroup;
			children = (
				3E521E6B2968752500B265C0 /* Preview Assets.xcassets */,
			);
			path = "Preview Content";
			sourceTree = "<group>";
		};
		3EAFD468296B16EE00569395 /* EditParameters */ = {
			isa = PBXGroup;
			children = (
				3EFCA502296A1829003ACDE1 /* EditParametersView.swift */,
				3EAFD46B296B17A200569395 /* EditParametersFieldProps.swift */,
				3EAFD469296B172100569395 /* EditParametersViewModel.swift */,
			);
			path = EditParameters;
			sourceTree = "<group>";
		};
		3EB7E2C3296B19B100A07B48 /* PersonalData */ = {
			isa = PBXGroup;
			children = (
				3EFCA500296A1375003ACDE1 /* PersonalDataView.swift */,
				3EB7E2C1296B199E00A07B48 /* PersonalDataViewModel.swift */,
			);
			path = PersonalData;
			sourceTree = "<group>";
		};
		3EB7E2C4296B19C300A07B48 /* Home */ = {
			isa = PBXGroup;
			children = (
				3E521E662968752400B265C0 /* HomeView.swift */,
			);
			path = Home;
			sourceTree = "<group>";
		};
		3EB7E2C5296B19D300A07B48 /* CategoriesSettings */ = {
			isa = PBXGroup;
			children = (
				3EAFD466296B0C0E00569395 /* CategoriesSettingsView.swift */,
			);
			path = CategoriesSettings;
			sourceTree = "<group>";
		};
		3EB7E2C6296B19DD00A07B48 /* NewCategory */ = {
			isa = PBXGroup;
			children = (
				3EFCA506296AD99E003ACDE1 /* NewCategoryView.swift */,
			);
			path = NewCategory;
			sourceTree = "<group>";
		};
		3EB7E2C7296B19EA00A07B48 /* Models */ = {
			isa = PBXGroup;
			children = (
				3EB7E2C8296B19F400A07B48 /* MetricSystem.swift */,
				3EFCA504296A28FD003ACDE1 /* Category.swift */,
				3EB7E2CA296B1A2A00A07B48 /* Parameter.swift */,
			);
			path = Models;
			sourceTree = "<group>";
		};
		3EB7E2D2296B71D100A07B48 /* CategoryDetail */ = {
			isa = PBXGroup;
			children = (
				3EB7E2D0296B71C600A07B48 /* CategoryDetailView.swift */,
				3EF92C9C297582DC00233C68 /* CategoryDetailViewModel.swift */,
			);
			path = CategoryDetail;
			sourceTree = "<group>";
		};
/* End PBXGroup section */

/* Begin PBXNativeTarget section */
		3E521E602968752400B265C0 /* Workouts */ = {
			isa = PBXNativeTarget;
			buildConfigurationList = 3E521E6F2968752500B265C0 /* Build configuration list for PBXNativeTarget "Workouts" */;
			buildPhases = (
				3E521E5D2968752400B265C0 /* Sources */,
				3E521E5E2968752400B265C0 /* Frameworks */,
				3E521E5F2968752400B265C0 /* Resources */,
			);
			buildRules = (
			);
			dependencies = (
			);
			name = Workouts;
			productName = Workouts;
			productReference = 3E521E612968752400B265C0 /* Workouts.app */;
			productType = "com.apple.product-type.application";
		};
/* End PBXNativeTarget section */

/* Begin PBXProject section */
		3E521E592968752400B265C0 /* Project object */ = {
			isa = PBXProject;
			attributes = {
				BuildIndependentTargetsInParallel = 1;
				LastSwiftUpdateCheck = 1420;
				LastUpgradeCheck = 1420;
				TargetAttributes = {
					3E521E602968752400B265C0 = {
						CreatedOnToolsVersion = 14.2;
					};
				};
			};
			buildConfigurationList = 3E521E5C2968752400B265C0 /* Build configuration list for PBXProject "Workouts" */;
			compatibilityVersion = "Xcode 14.0";
			developmentRegion = en;
			hasScannedForEncodings = 0;
			knownRegions = (
				en,
				Base,
			);
			mainGroup = 3E521E582968752400B265C0;
			productRefGroup = 3E521E622968752400B265C0 /* Products */;
			projectDirPath = "";
			projectRoot = "";
			targets = (
				3E521E602968752400B265C0 /* Workouts */,
			);
		};
/* End PBXProject section */

/* Begin PBXResourcesBuildPhase section */
		3E521E5F2968752400B265C0 /* Resources */ = {
			isa = PBXResourcesBuildPhase;
			buildActionMask = 2147483647;
			files = (
				3EB7E2CD296B59A700A07B48 /* Colors.xcassets in Resources */,
				3E521E6C2968752500B265C0 /* Preview Assets.xcassets in Resources */,
				3E521E692968752500B265C0 /* Assets.xcassets in Resources */,
			);
			runOnlyForDeploymentPostprocessing = 0;
		};
/* End PBXResourcesBuildPhase section */

/* Begin PBXSourcesBuildPhase section */
		3E521E5D2968752400B265C0 /* Sources */ = {
			isa = PBXSourcesBuildPhase;
			buildActionMask = 2147483647;
			files = (
				3EAFD46A296B172100569395 /* EditParametersViewModel.swift in Sources */,
				3EF92C9D297582DC00233C68 /* CategoryDetailViewModel.swift in Sources */,
				3EFCA503296A1829003ACDE1 /* EditParametersView.swift in Sources */,
				3E521E672968752400B265C0 /* HomeView.swift in Sources */,
				3EB7E2C9296B19F400A07B48 /* MetricSystem.swift in Sources */,
				3EAFD467296B0C0E00569395 /* CategoriesSettingsView.swift in Sources */,
				3EB7E2CB296B1A2A00A07B48 /* Parameter.swift in Sources */,
				3E521E652968752400B265C0 /* WorkoutsApp.swift in Sources */,
				3EFCA50B296AD9C8003ACDE1 /* PersonalDataService.swift in Sources */,
				3EFCA501296A1375003ACDE1 /* PersonalDataView.swift in Sources */,
				3EAFD46C296B17A200569395 /* EditParametersFieldProps.swift in Sources */,
				3EB7E2C2296B199E00A07B48 /* PersonalDataViewModel.swift in Sources */,
				3EFCA505296A28FD003ACDE1 /* Category.swift in Sources */,
				3EFCA509296AD9BB003ACDE1 /* Collection+Ext.swift in Sources */,
				3EFCA507296AD99E003ACDE1 /* NewCategoryView.swift in Sources */,
				3EB7E2CF296B5A2100A07B48 /* Colors.swift in Sources */,
				3EB7E2D1296B71C600A07B48 /* CategoryDetailView.swift in Sources */,
			);
			runOnlyForDeploymentPostprocessing = 0;
		};
/* End PBXSourcesBuildPhase section */

/* Begin XCBuildConfiguration section */
		3E521E6D2968752500B265C0 /* Debug */ = {
			isa = XCBuildConfiguration;
			buildSettings = {
				ALWAYS_SEARCH_USER_PATHS = NO;
				CLANG_ANALYZER_NONNULL = YES;
				CLANG_ANALYZER_NUMBER_OBJECT_CONVERSION = YES_AGGRESSIVE;
				CLANG_CXX_LANGUAGE_STANDARD = "gnu++20";
				CLANG_ENABLE_MODULES = YES;
				CLANG_ENABLE_OBJC_ARC = YES;
				CLANG_ENABLE_OBJC_WEAK = YES;
				CLANG_WARN_BLOCK_CAPTURE_AUTORELEASING = YES;
				CLANG_WARN_BOOL_CONVERSION = YES;
				CLANG_WARN_COMMA = YES;
				CLANG_WARN_CONSTANT_CONVERSION = YES;
				CLANG_WARN_DEPRECATED_OBJC_IMPLEMENTATIONS = YES;
				CLANG_WARN_DIRECT_OBJC_ISA_USAGE = YES_ERROR;
				CLANG_WARN_DOCUMENTATION_COMMENTS = YES;
				CLANG_WARN_EMPTY_BODY = YES;
				CLANG_WARN_ENUM_CONVERSION = YES;
				CLANG_WARN_INFINITE_RECURSION = YES;
				CLANG_WARN_INT_CONVERSION = YES;
				CLANG_WARN_NON_LITERAL_NULL_CONVERSION = YES;
				CLANG_WARN_OBJC_IMPLICIT_RETAIN_SELF = YES;
				CLANG_WARN_OBJC_LITERAL_CONVERSION = YES;
				CLANG_WARN_OBJC_ROOT_CLASS = YES_ERROR;
				CLANG_WARN_QUOTED_INCLUDE_IN_FRAMEWORK_HEADER = YES;
				CLANG_WARN_RANGE_LOOP_ANALYSIS = YES;
				CLANG_WARN_STRICT_PROTOTYPES = YES;
				CLANG_WARN_SUSPICIOUS_MOVE = YES;
				CLANG_WARN_UNGUARDED_AVAILABILITY = YES_AGGRESSIVE;
				CLANG_WARN_UNREACHABLE_CODE = YES;
				CLANG_WARN__DUPLICATE_METHOD_MATCH = YES;
				COPY_PHASE_STRIP = NO;
				DEBUG_INFORMATION_FORMAT = dwarf;
				ENABLE_STRICT_OBJC_MSGSEND = YES;
				ENABLE_TESTABILITY = YES;
				GCC_C_LANGUAGE_STANDARD = gnu11;
				GCC_DYNAMIC_NO_PIC = NO;
				GCC_NO_COMMON_BLOCKS = YES;
				GCC_OPTIMIZATION_LEVEL = 0;
				GCC_PREPROCESSOR_DEFINITIONS = (
					"DEBUG=1",
					"$(inherited)",
				);
				GCC_WARN_64_TO_32_BIT_CONVERSION = YES;
				GCC_WARN_ABOUT_RETURN_TYPE = YES_ERROR;
				GCC_WARN_UNDECLARED_SELECTOR = YES;
				GCC_WARN_UNINITIALIZED_AUTOS = YES_AGGRESSIVE;
				GCC_WARN_UNUSED_FUNCTION = YES;
				GCC_WARN_UNUSED_VARIABLE = YES;
				IPHONEOS_DEPLOYMENT_TARGET = 16.2;
				MTL_ENABLE_DEBUG_INFO = INCLUDE_SOURCE;
				MTL_FAST_MATH = YES;
				ONLY_ACTIVE_ARCH = YES;
				SDKROOT = iphoneos;
				SWIFT_ACTIVE_COMPILATION_CONDITIONS = DEBUG;
				SWIFT_OPTIMIZATION_LEVEL = "-Onone";
			};
			name = Debug;
		};
		3E521E6E2968752500B265C0 /* Release */ = {
			isa = XCBuildConfiguration;
			buildSettings = {
				ALWAYS_SEARCH_USER_PATHS = NO;
				CLANG_ANALYZER_NONNULL = YES;
				CLANG_ANALYZER_NUMBER_OBJECT_CONVERSION = YES_AGGRESSIVE;
				CLANG_CXX_LANGUAGE_STANDARD = "gnu++20";
				CLANG_ENABLE_MODULES = YES;
				CLANG_ENABLE_OBJC_ARC = YES;
				CLANG_ENABLE_OBJC_WEAK = YES;
				CLANG_WARN_BLOCK_CAPTURE_AUTORELEASING = YES;
				CLANG_WARN_BOOL_CONVERSION = YES;
				CLANG_WARN_COMMA = YES;
				CLANG_WARN_CONSTANT_CONVERSION = YES;
				CLANG_WARN_DEPRECATED_OBJC_IMPLEMENTATIONS = YES;
				CLANG_WARN_DIRECT_OBJC_ISA_USAGE = YES_ERROR;
				CLANG_WARN_DOCUMENTATION_COMMENTS = YES;
				CLANG_WARN_EMPTY_BODY = YES;
				CLANG_WARN_ENUM_CONVERSION = YES;
				CLANG_WARN_INFINITE_RECURSION = YES;
				CLANG_WARN_INT_CONVERSION = YES;
				CLANG_WARN_NON_LITERAL_NULL_CONVERSION = YES;
				CLANG_WARN_OBJC_IMPLICIT_RETAIN_SELF = YES;
				CLANG_WARN_OBJC_LITERAL_CONVERSION = YES;
				CLANG_WARN_OBJC_ROOT_CLASS = YES_ERROR;
				CLANG_WARN_QUOTED_INCLUDE_IN_FRAMEWORK_HEADER = YES;
				CLANG_WARN_RANGE_LOOP_ANALYSIS = YES;
				CLANG_WARN_STRICT_PROTOTYPES = YES;
				CLANG_WARN_SUSPICIOUS_MOVE = YES;
				CLANG_WARN_UNGUARDED_AVAILABILITY = YES_AGGRESSIVE;
				CLANG_WARN_UNREACHABLE_CODE = YES;
				CLANG_WARN__DUPLICATE_METHOD_MATCH = YES;
				COPY_PHASE_STRIP = NO;
				DEBUG_INFORMATION_FORMAT = "dwarf-with-dsym";
				ENABLE_NS_ASSERTIONS = NO;
				ENABLE_STRICT_OBJC_MSGSEND = YES;
				GCC_C_LANGUAGE_STANDARD = gnu11;
				GCC_NO_COMMON_BLOCKS = YES;
				GCC_WARN_64_TO_32_BIT_CONVERSION = YES;
				GCC_WARN_ABOUT_RETURN_TYPE = YES_ERROR;
				GCC_WARN_UNDECLARED_SELECTOR = YES;
				GCC_WARN_UNINITIALIZED_AUTOS = YES_AGGRESSIVE;
				GCC_WARN_UNUSED_FUNCTION = YES;
				GCC_WARN_UNUSED_VARIABLE = YES;
				IPHONEOS_DEPLOYMENT_TARGET = 16.2;
				MTL_ENABLE_DEBUG_INFO = NO;
				MTL_FAST_MATH = YES;
				SDKROOT = iphoneos;
				SWIFT_COMPILATION_MODE = wholemodule;
				SWIFT_OPTIMIZATION_LEVEL = "-O";
				VALIDATE_PRODUCT = YES;
			};
			name = Release;
		};
		3E521E702968752500B265C0 /* Debug */ = {
			isa = XCBuildConfiguration;
			buildSettings = {
				ASSETCATALOG_COMPILER_APPICON_NAME = AppIcon;
				ASSETCATALOG_COMPILER_GLOBAL_ACCENT_COLOR_NAME = AccentColor;
				CODE_SIGN_STYLE = Automatic;
				CURRENT_PROJECT_VERSION = 1;
				DEVELOPMENT_ASSET_PATHS = "\"Workouts/Preview Content\"";
				DEVELOPMENT_TEAM = 6FHJ5NMM3D;
				ENABLE_PREVIEWS = YES;
				GENERATE_INFOPLIST_FILE = YES;
				INFOPLIST_KEY_UIApplicationSceneManifest_Generation = YES;
				INFOPLIST_KEY_UIApplicationSupportsIndirectInputEvents = YES;
				INFOPLIST_KEY_UILaunchScreen_Generation = YES;
				INFOPLIST_KEY_UISupportedInterfaceOrientations_iPad = "UIInterfaceOrientationPortrait UIInterfaceOrientationPortraitUpsideDown UIInterfaceOrientationLandscapeLeft UIInterfaceOrientationLandscapeRight";
				INFOPLIST_KEY_UISupportedInterfaceOrientations_iPhone = "UIInterfaceOrientationPortrait UIInterfaceOrientationLandscapeLeft UIInterfaceOrientationLandscapeRight";
				LD_RUNPATH_SEARCH_PATHS = (
					"$(inherited)",
					"@executable_path/Frameworks",
				);
				MARKETING_VERSION = 1.0;
				PRODUCT_BUNDLE_IDENTIFIER = ashurbekovram.Workouts;
				PRODUCT_NAME = "$(TARGET_NAME)";
				SWIFT_EMIT_LOC_STRINGS = YES;
				SWIFT_VERSION = 5.0;
				TARGETED_DEVICE_FAMILY = "1,2";
			};
			name = Debug;
		};
		3E521E712968752500B265C0 /* Release */ = {
			isa = XCBuildConfiguration;
			buildSettings = {
				ASSETCATALOG_COMPILER_APPICON_NAME = AppIcon;
				ASSETCATALOG_COMPILER_GLOBAL_ACCENT_COLOR_NAME = AccentColor;
				CODE_SIGN_STYLE = Automatic;
				CURRENT_PROJECT_VERSION = 1;
				DEVELOPMENT_ASSET_PATHS = "\"Workouts/Preview Content\"";
				DEVELOPMENT_TEAM = 6FHJ5NMM3D;
				ENABLE_PREVIEWS = YES;
				GENERATE_INFOPLIST_FILE = YES;
				INFOPLIST_KEY_UIApplicationSceneManifest_Generation = YES;
				INFOPLIST_KEY_UIApplicationSupportsIndirectInputEvents = YES;
				INFOPLIST_KEY_UILaunchScreen_Generation = YES;
				INFOPLIST_KEY_UISupportedInterfaceOrientations_iPad = "UIInterfaceOrientationPortrait UIInterfaceOrientationPortraitUpsideDown UIInterfaceOrientationLandscapeLeft UIInterfaceOrientationLandscapeRight";
				INFOPLIST_KEY_UISupportedInterfaceOrientations_iPhone = "UIInterfaceOrientationPortrait UIInterfaceOrientationLandscapeLeft UIInterfaceOrientationLandscapeRight";
				LD_RUNPATH_SEARCH_PATHS = (
					"$(inherited)",
					"@executable_path/Frameworks",
				);
				MARKETING_VERSION = 1.0;
				PRODUCT_BUNDLE_IDENTIFIER = ashurbekovram.Workouts;
				PRODUCT_NAME = "$(TARGET_NAME)";
				SWIFT_EMIT_LOC_STRINGS = YES;
				SWIFT_VERSION = 5.0;
				TARGETED_DEVICE_FAMILY = "1,2";
			};
			name = Release;
		};
/* End XCBuildConfiguration section */

/* Begin XCConfigurationList section */
		3E521E5C2968752400B265C0 /* Build configuration list for PBXProject "Workouts" */ = {
			isa = XCConfigurationList;
			buildConfigurations = (
				3E521E6D2968752500B265C0 /* Debug */,
				3E521E6E2968752500B265C0 /* Release */,
			);
			defaultConfigurationIsVisible = 0;
			defaultConfigurationName = Release;
		};
		3E521E6F2968752500B265C0 /* Build configuration list for PBXNativeTarget "Workouts" */ = {
			isa = XCConfigurationList;
			buildConfigurations = (
				3E521E702968752500B265C0 /* Debug */,
				3E521E712968752500B265C0 /* Release */,
			);
			defaultConfigurationIsVisible = 0;
			defaultConfigurationName = Release;
		};
/* End XCConfigurationList section */
	};
	rootObject = 3E521E592968752400B265C0 /* Project object */;
}
